
Microsoft Visual Studio Solution File, Format Version 12.00
# Visual Studio Version 17
VisualStudioVersion = 17.4.33213.308
MinimumVisualStudioVersion = 10.0.40219.1
Project("{9A19103F-16F7-4668-BE54-9A1E7A4F7556}") = "StatusAPI", "StatusAPI.csproj", "{F7A0F060-5DE9-40F8-919D-C18DB5126D1B}"
EndProject
Global
	GlobalSection(SolutionConfigurationPlatforms) = preSolution
		Debug|Any CPU = Debug|Any CPU
		Release|Any CPU = Release|Any CPU
	EndGlobalSection
	GlobalSection(ProjectConfigurationPlatforms) = postSolution
		{F7A0F060-5DE9-40F8-919D-C18DB5126D1B}.Debug|Any CPU.ActiveCfg = Debug|Any CPU
		{F7A0F060-5DE9-40F8-919D-C18DB5126D1B}.Debug|Any CPU.Build.0 = Debug|Any CPU
		{F7A0F060-5DE9-40F8-919D-C18DB5126D1B}.Release|Any CPU.ActiveCfg = Release|Any CPU
		{F7A0F060-5DE9-40F8-919D-C18DB5126D1B}.Release|Any CPU.Build.0 = Release|Any CPU
	EndGlobalSection
	GlobalSection(SolutionProperties) = preSolution
		HideSolutionNode = FALSE
	EndGlobalSection
	GlobalSection(ExtensibilityGlobals) = postSolution
		SolutionGuid = {3CE1C285-4560-4C4B-9672-82D089626F65}
	EndGlobalSection
EndGlobal
